
Microsoft Visual Studio Solution File, Format Version 12.00
# Visual Studio Version 16
VisualStudioVersion = 16.0.28803.352
MinimumVisualStudioVersion = 10.0.40219.1
Project("{2150E333-8FDC-42A3-9474-1A3956D46DE8}") = "src", "src", "{9E9E02E6-169B-455D-9FA5-2553750E336D}"
EndProject
Project("{2150E333-8FDC-42A3-9474-1A3956D46DE8}") = "test", "test", "{3A384C09-1858-4BA9-9314-BC18A6234AE9}"
EndProject
Project("{9A19103F-16F7-4668-BE54-9A1E7A4F7556}") = "nRetry.SpecFlowPlugin", "src\nRetry.SpecFlowPlugin\nRetry.SpecFlowPlugin.csproj", "{B28CEA4A-DB09-40DD-8B74-F99A47493B51}"
EndProject
Project("{9A19103F-16F7-4668-BE54-9A1E7A4F7556}") = "nRetry.Tests", "tests\nRetry.Tests.csproj", "{C716C966-DD12-4216-A67F-81E0ECEBB4D7}"
EndProject
Global
	GlobalSection(SolutionConfigurationPlatforms) = preSolution
		Debug|Any CPU = Debug|Any CPU
		Release|Any CPU = Release|Any CPU
	EndGlobalSection
	GlobalSection(ProjectConfigurationPlatforms) = postSolution
		{B28CEA4A-DB09-40DD-8B74-F99A47493B51}.Debug|Any CPU.ActiveCfg = Debug|Any CPU
		{B28CEA4A-DB09-40DD-8B74-F99A47493B51}.Debug|Any CPU.Build.0 = Debug|Any CPU
		{B28CEA4A-DB09-40DD-8B74-F99A47493B51}.Release|Any CPU.ActiveCfg = Release|Any CPU
		{B28CEA4A-DB09-40DD-8B74-F99A47493B51}.Release|Any CPU.Build.0 = Release|Any CPU
		{C716C966-DD12-4216-A67F-81E0ECEBB4D7}.Debug|Any CPU.ActiveCfg = Debug|Any CPU
		{C716C966-DD12-4216-A67F-81E0ECEBB4D7}.Debug|Any CPU.Build.0 = Debug|Any CPU
		{C716C966-DD12-4216-A67F-81E0ECEBB4D7}.Release|Any CPU.ActiveCfg = Release|Any CPU
		{C716C966-DD12-4216-A67F-81E0ECEBB4D7}.Release|Any CPU.Build.0 = Release|Any CPU
	EndGlobalSection
	GlobalSection(SolutionProperties) = preSolution
		HideSolutionNode = FALSE
	EndGlobalSection
	GlobalSection(NestedProjects) = preSolution
		{B28CEA4A-DB09-40DD-8B74-F99A47493B51} = {9E9E02E6-169B-455D-9FA5-2553750E336D}
		{C716C966-DD12-4216-A67F-81E0ECEBB4D7} = {3A384C09-1858-4BA9-9314-BC18A6234AE9}
	EndGlobalSection
	GlobalSection(ExtensibilityGlobals) = postSolution
		SolutionGuid = {87687087-DCC7-4F67-B0B2-D8A4F8D93693}
	EndGlobalSection
EndGlobal
